
Microsoft Visual Studio Solution File, Format Version 12.00
# Visual Studio 2013
VisualStudioVersion = 12.0.21005.1
MinimumVisualStudioVersion = 10.0.40219.1
Project("{FAE04EC0-301F-11D3-BF4B-00C04F79EFBC}") = "InkMonGUI", "InkMonGUI\InkMonGUI.csproj", "{5484C3EE-D88D-4564-BC4B-A4F09E04E3FA}"
EndProject
Project("{FAE04EC0-301F-11D3-BF4B-00C04F79EFBC}") = "InkMonService", "InkMonService\InkMonService.csproj", "{AA715C37-83A0-45AA-987D-3ABF45B7CE87}"
	ProjectSection(ProjectDependencies) = postProject
		{2123433D-B204-4DB8-A1FC-65CC27C301B0} = {2123433D-B204-4DB8-A1FC-65CC27C301B0}
	EndProjectSection
EndProject
Project("{FAE04EC0-301F-11D3-BF4B-00C04F79EFBC}") = "InkMonHelper", "InkMonHelper\InkMonHelper.csproj", "{74C14F49-6FE4-4611-B12E-610809F224A0}"
EndProject
Project("{2150E333-8FDC-42A3-9474-1A3956D46DE8}") = "Plugins", "Plugins", "{2C1FEB87-4FE4-465F-8A3A-AD104E469C4F}"
EndProject
Project("{FAE04EC0-301F-11D3-BF4B-00C04F79EFBC}") = "HPUSBGeneric", "HPGeneric\HPUSBGeneric.csproj", "{2123433D-B204-4DB8-A1FC-65CC27C301B0}"
EndProject
Project("{FAE04EC0-301F-11D3-BF4B-00C04F79EFBC}") = "Tester", "Tester\Tester.csproj", "{E7E66569-366B-427A-BF8E-61685E3E9927}"
EndProject
Project("{FAE04EC0-301F-11D3-BF4B-00C04F79EFBC}") = "CanonUSBGeneric", "CanonGeneric\CanonUSBGeneric.csproj", "{417AF2A2-8D33-48E2-A45A-118E9E317154}"
EndProject
Global
	GlobalSection(SolutionConfigurationPlatforms) = preSolution
		CD_ROM|Any CPU = CD_ROM|Any CPU
		CD_ROM|Mixed Platforms = CD_ROM|Mixed Platforms
		CD_ROM|Win32 = CD_ROM|Win32
		CD_ROM|x86 = CD_ROM|x86
		Debug|Any CPU = Debug|Any CPU
		Debug|Mixed Platforms = Debug|Mixed Platforms
		Debug|Win32 = Debug|Win32
		Debug|x86 = Debug|x86
		DVD-5|Any CPU = DVD-5|Any CPU
		DVD-5|Mixed Platforms = DVD-5|Mixed Platforms
		DVD-5|Win32 = DVD-5|Win32
		DVD-5|x86 = DVD-5|x86
		Release|Any CPU = Release|Any CPU
		Release|Mixed Platforms = Release|Mixed Platforms
		Release|Win32 = Release|Win32
		Release|x86 = Release|x86
		SingleImage|Any CPU = SingleImage|Any CPU
		SingleImage|Mixed Platforms = SingleImage|Mixed Platforms
		SingleImage|Win32 = SingleImage|Win32
		SingleImage|x86 = SingleImage|x86
	EndGlobalSection
	GlobalSection(ProjectConfigurationPlatforms) = postSolution
		{5484C3EE-D88D-4564-BC4B-A4F09E04E3FA}.CD_ROM|Any CPU.ActiveCfg = Release|Any CPU
		{5484C3EE-D88D-4564-BC4B-A4F09E04E3FA}.CD_ROM|Any CPU.Build.0 = Release|Any CPU
		{5484C3EE-D88D-4564-BC4B-A4F09E04E3FA}.CD_ROM|Mixed Platforms.ActiveCfg = Debug|x86
		{5484C3EE-D88D-4564-BC4B-A4F09E04E3FA}.CD_ROM|Mixed Platforms.Build.0 = Debug|x86
		{5484C3EE-D88D-4564-BC4B-A4F09E04E3FA}.CD_ROM|Win32.ActiveCfg = Debug|x86
		{5484C3EE-D88D-4564-BC4B-A4F09E04E3FA}.CD_ROM|Win32.Build.0 = Debug|x86
		{5484C3EE-D88D-4564-BC4B-A4F09E04E3FA}.CD_ROM|x86.ActiveCfg = Release|x86
		{5484C3EE-D88D-4564-BC4B-A4F09E04E3FA}.CD_ROM|x86.Build.0 = Release|x86
		{5484C3EE-D88D-4564-BC4B-A4F09E04E3FA}.Debug|Any CPU.ActiveCfg = Debug|Any CPU
		{5484C3EE-D88D-4564-BC4B-A4F09E04E3FA}.Debug|Any CPU.Build.0 = Debug|Any CPU
		{5484C3EE-D88D-4564-BC4B-A4F09E04E3FA}.Debug|Mixed Platforms.ActiveCfg = Debug|Any CPU
		{5484C3EE-D88D-4564-BC4B-A4F09E04E3FA}.Debug|Mixed Platforms.Build.0 = Debug|Any CPU
		{5484C3EE-D88D-4564-BC4B-A4F09E04E3FA}.Debug|Win32.ActiveCfg = Debug|x86
		{5484C3EE-D88D-4564-BC4B-A4F09E04E3FA}.Debug|Win32.Build.0 = Debug|x86
		{5484C3EE-D88D-4564-BC4B-A4F09E04E3FA}.Debug|x86.ActiveCfg = Debug|x86
		{5484C3EE-D88D-4564-BC4B-A4F09E04E3FA}.Debug|x86.Build.0 = Debug|x86
		{5484C3EE-D88D-4564-BC4B-A4F09E04E3FA}.DVD-5|Any CPU.ActiveCfg = Debug|Any CPU
		{5484C3EE-D88D-4564-BC4B-A4F09E04E3FA}.DVD-5|Any CPU.Build.0 = Debug|Any CPU
		{5484C3EE-D88D-4564-BC4B-A4F09E04E3FA}.DVD-5|Mixed Platforms.ActiveCfg = Debug|x86
		{5484C3EE-D88D-4564-BC4B-A4F09E04E3FA}.DVD-5|Mixed Platforms.Build.0 = Debug|x86
		{5484C3EE-D88D-4564-BC4B-A4F09E04E3FA}.DVD-5|Win32.ActiveCfg = Debug|x86
		{5484C3EE-D88D-4564-BC4B-A4F09E04E3FA}.DVD-5|Win32.Build.0 = Debug|x86
		{5484C3EE-D88D-4564-BC4B-A4F09E04E3FA}.DVD-5|x86.ActiveCfg = Debug|x86
		{5484C3EE-D88D-4564-BC4B-A4F09E04E3FA}.DVD-5|x86.Build.0 = Debug|x86
		{5484C3EE-D88D-4564-BC4B-A4F09E04E3FA}.Release|Any CPU.ActiveCfg = Release|Any CPU
		{5484C3EE-D88D-4564-BC4B-A4F09E04E3FA}.Release|Any CPU.Build.0 = Release|Any CPU
		{5484C3EE-D88D-4564-BC4B-A4F09E04E3FA}.Release|Mixed Platforms.ActiveCfg = Release|x86
		{5484C3EE-D88D-4564-BC4B-A4F09E04E3FA}.Release|Mixed Platforms.Build.0 = Release|x86
		{5484C3EE-D88D-4564-BC4B-A4F09E04E3FA}.Release|Win32.ActiveCfg = Release|x86
		{5484C3EE-D88D-4564-BC4B-A4F09E04E3FA}.Release|Win32.Build.0 = Release|x86
		{5484C3EE-D88D-4564-BC4B-A4F09E04E3FA}.Release|x86.ActiveCfg = Release|x86
		{5484C3EE-D88D-4564-BC4B-A4F09E04E3FA}.Release|x86.Build.0 = Release|x86
		{5484C3EE-D88D-4564-BC4B-A4F09E04E3FA}.SingleImage|Any CPU.ActiveCfg = Release|Any CPU
		{5484C3EE-D88D-4564-BC4B-A4F09E04E3FA}.SingleImage|Any CPU.Build.0 = Release|Any CPU
		{5484C3EE-D88D-4564-BC4B-A4F09E04E3FA}.SingleImage|Mixed Platforms.ActiveCfg = Debug|x86
		{5484C3EE-D88D-4564-BC4B-A4F09E04E3FA}.SingleImage|Mixed Platforms.Build.0 = Debug|x86
		{5484C3EE-D88D-4564-BC4B-A4F09E04E3FA}.SingleImage|Win32.ActiveCfg = Debug|x86
		{5484C3EE-D88D-4564-BC4B-A4F09E04E3FA}.SingleImage|Win32.Build.0 = Debug|x86
		{5484C3EE-D88D-4564-BC4B-A4F09E04E3FA}.SingleImage|x86.ActiveCfg = Release|x86
		{5484C3EE-D88D-4564-BC4B-A4F09E04E3FA}.SingleImage|x86.Build.0 = Release|x86
		{AA715C37-83A0-45AA-987D-3ABF45B7CE87}.CD_ROM|Any CPU.ActiveCfg = Release|Any CPU
		{AA715C37-83A0-45AA-987D-3ABF45B7CE87}.CD_ROM|Any CPU.Build.0 = Release|Any CPU
		{AA715C37-83A0-45AA-987D-3ABF45B7CE87}.CD_ROM|Mixed Platforms.ActiveCfg = Debug|x86
		{AA715C37-83A0-45AA-987D-3ABF45B7CE87}.CD_ROM|Mixed Platforms.Build.0 = Debug|x86
		{AA715C37-83A0-45AA-987D-3ABF45B7CE87}.CD_ROM|Win32.ActiveCfg = Debug|x86
		{AA715C37-83A0-45AA-987D-3ABF45B7CE87}.CD_ROM|Win32.Build.0 = Debug|x86
		{AA715C37-83A0-45AA-987D-3ABF45B7CE87}.CD_ROM|x86.ActiveCfg = Release|x86
		{AA715C37-83A0-45AA-987D-3ABF45B7CE87}.CD_ROM|x86.Build.0 = Release|x86
		{AA715C37-83A0-45AA-987D-3ABF45B7CE87}.Debug|Any CPU.ActiveCfg = Debug|Any CPU
		{AA715C37-83A0-45AA-987D-3ABF45B7CE87}.Debug|Any CPU.Build.0 = Debug|Any CPU
		{AA715C37-83A0-45AA-987D-3ABF45B7CE87}.Debug|Mixed Platforms.ActiveCfg = Debug|Any CPU
		{AA715C37-83A0-45AA-987D-3ABF45B7CE87}.Debug|Mixed Platforms.Build.0 = Debug|Any CPU
		{AA715C37-83A0-45AA-987D-3ABF45B7CE87}.Debug|Win32.ActiveCfg = Debug|x86
		{AA715C37-83A0-45AA-987D-3ABF45B7CE87}.Debug|Win32.Build.0 = Debug|x86
		{AA715C37-83A0-45AA-987D-3ABF45B7CE87}.Debug|x86.ActiveCfg = Debug|x86
		{AA715C37-83A0-45AA-987D-3ABF45B7CE87}.Debug|x86.Build.0 = Debug|x86
		{AA715C37-83A0-45AA-987D-3ABF45B7CE87}.DVD-5|Any CPU.ActiveCfg = Debug|Any CPU
		{AA715C37-83A0-45AA-987D-3ABF45B7CE87}.DVD-5|Any CPU.Build.0 = Debug|Any CPU
		{AA715C37-83A0-45AA-987D-3ABF45B7CE87}.DVD-5|Mixed Platforms.ActiveCfg = Debug|x86
		{AA715C37-83A0-45AA-987D-3ABF45B7CE87}.DVD-5|Mixed Platforms.Build.0 = Debug|x86
		{AA715C37-83A0-45AA-987D-3ABF45B7CE87}.DVD-5|Win32.ActiveCfg = Debug|x86
		{AA715C37-83A0-45AA-987D-3ABF45B7CE87}.DVD-5|Win32.Build.0 = Debug|x86
		{AA715C37-83A0-45AA-987D-3ABF45B7CE87}.DVD-5|x86.ActiveCfg = Debug|x86
		{AA715C37-83A0-45AA-987D-3ABF45B7CE87}.DVD-5|x86.Build.0 = Debug|x86
		{AA715C37-83A0-45AA-987D-3ABF45B7CE87}.Release|Any CPU.ActiveCfg = Release|Any CPU
		{AA715C37-83A0-45AA-987D-3ABF45B7CE87}.Release|Any CPU.Build.0 = Release|Any CPU
		{AA715C37-83A0-45AA-987D-3ABF45B7CE87}.Release|Mixed Platforms.ActiveCfg = Release|x86
		{AA715C37-83A0-45AA-987D-3ABF45B7CE87}.Release|Mixed Platforms.Build.0 = Release|x86
		{AA715C37-83A0-45AA-987D-3ABF45B7CE87}.Release|Win32.ActiveCfg = Release|x86
		{AA715C37-83A0-45AA-987D-3ABF45B7CE87}.Release|Win32.Build.0 = Release|x86
		{AA715C37-83A0-45AA-987D-3ABF45B7CE87}.Release|x86.ActiveCfg = Release|x86
		{AA715C37-83A0-45AA-987D-3ABF45B7CE87}.Release|x86.Build.0 = Release|x86
		{AA715C37-83A0-45AA-987D-3ABF45B7CE87}.SingleImage|Any CPU.ActiveCfg = Release|Any CPU
		{AA715C37-83A0-45AA-987D-3ABF45B7CE87}.SingleImage|Any CPU.Build.0 = Release|Any CPU
		{AA715C37-83A0-45AA-987D-3ABF45B7CE87}.SingleImage|Mixed Platforms.ActiveCfg = Debug|x86
		{AA715C37-83A0-45AA-987D-3ABF45B7CE87}.SingleImage|Mixed Platforms.Build.0 = Debug|x86
		{AA715C37-83A0-45AA-987D-3ABF45B7CE87}.SingleImage|Win32.ActiveCfg = Debug|x86
		{AA715C37-83A0-45AA-987D-3ABF45B7CE87}.SingleImage|Win32.Build.0 = Debug|x86
		{AA715C37-83A0-45AA-987D-3ABF45B7CE87}.SingleImage|x86.ActiveCfg = Release|x86
		{AA715C37-83A0-45AA-987D-3ABF45B7CE87}.SingleImage|x86.Build.0 = Release|x86
		{74C14F49-6FE4-4611-B12E-610809F224A0}.CD_ROM|Any CPU.ActiveCfg = Release|Any CPU
		{74C14F49-6FE4-4611-B12E-610809F224A0}.CD_ROM|Any CPU.Build.0 = Release|Any CPU
		{74C14F49-6FE4-4611-B12E-610809F224A0}.CD_ROM|Mixed Platforms.ActiveCfg = Debug|x86
		{74C14F49-6FE4-4611-B12E-610809F224A0}.CD_ROM|Mixed Platforms.Build.0 = Debug|x86
		{74C14F49-6FE4-4611-B12E-610809F224A0}.CD_ROM|Win32.ActiveCfg = Debug|x86
		{74C14F49-6FE4-4611-B12E-610809F224A0}.CD_ROM|Win32.Build.0 = Debug|x86
		{74C14F49-6FE4-4611-B12E-610809F224A0}.CD_ROM|x86.ActiveCfg = Release|x86
		{74C14F49-6FE4-4611-B12E-610809F224A0}.CD_ROM|x86.Build.0 = Release|x86
		{74C14F49-6FE4-4611-B12E-610809F224A0}.Debug|Any CPU.ActiveCfg = Debug|Any CPU
		{74C14F49-6FE4-4611-B12E-610809F224A0}.Debug|Any CPU.Build.0 = Debug|Any CPU
		{74C14F49-6FE4-4611-B12E-610809F224A0}.Debug|Mixed Platforms.ActiveCfg = Debug|Any CPU
		{74C14F49-6FE4-4611-B12E-610809F224A0}.Debug|Mixed Platforms.Build.0 = Debug|Any CPU
		{74C14F49-6FE4-4611-B12E-610809F224A0}.Debug|Win32.ActiveCfg = Debug|x86
		{74C14F49-6FE4-4611-B12E-610809F224A0}.Debug|Win32.Build.0 = Debug|x86
		{74C14F49-6FE4-4611-B12E-610809F224A0}.Debug|x86.ActiveCfg = Debug|x86
		{74C14F49-6FE4-4611-B12E-610809F224A0}.Debug|x86.Build.0 = Debug|x86
		{74C14F49-6FE4-4611-B12E-610809F224A0}.DVD-5|Any CPU.ActiveCfg = Debug|Any CPU
		{74C14F49-6FE4-4611-B12E-610809F224A0}.DVD-5|Any CPU.Build.0 = Debug|Any CPU
		{74C14F49-6FE4-4611-B12E-610809F224A0}.DVD-5|Mixed Platforms.ActiveCfg = Debug|x86
		{74C14F49-6FE4-4611-B12E-610809F224A0}.DVD-5|Mixed Platforms.Build.0 = Debug|x86
		{74C14F49-6FE4-4611-B12E-610809F224A0}.DVD-5|Win32.ActiveCfg = Debug|x86
		{74C14F49-6FE4-4611-B12E-610809F224A0}.DVD-5|Win32.Build.0 = Debug|x86
		{74C14F49-6FE4-4611-B12E-610809F224A0}.DVD-5|x86.ActiveCfg = Debug|x86
		{74C14F49-6FE4-4611-B12E-610809F224A0}.DVD-5|x86.Build.0 = Debug|x86
		{74C14F49-6FE4-4611-B12E-610809F224A0}.Release|Any CPU.ActiveCfg = Release|Any CPU
		{74C14F49-6FE4-4611-B12E-610809F224A0}.Release|Any CPU.Build.0 = Release|Any CPU
		{74C14F49-6FE4-4611-B12E-610809F224A0}.Release|Mixed Platforms.ActiveCfg = Release|x86
		{74C14F49-6FE4-4611-B12E-610809F224A0}.Release|Mixed Platforms.Build.0 = Release|x86
		{74C14F49-6FE4-4611-B12E-610809F224A0}.Release|Win32.ActiveCfg = Release|x86
		{74C14F49-6FE4-4611-B12E-610809F224A0}.Release|Win32.Build.0 = Release|x86
		{74C14F49-6FE4-4611-B12E-610809F224A0}.Release|x86.ActiveCfg = Release|x86
		{74C14F49-6FE4-4611-B12E-610809F224A0}.Release|x86.Build.0 = Release|x86
		{74C14F49-6FE4-4611-B12E-610809F224A0}.SingleImage|Any CPU.ActiveCfg = Release|Any CPU
		{74C14F49-6FE4-4611-B12E-610809F224A0}.SingleImage|Any CPU.Build.0 = Release|Any CPU
		{74C14F49-6FE4-4611-B12E-610809F224A0}.SingleImage|Mixed Platforms.ActiveCfg = Debug|x86
		{74C14F49-6FE4-4611-B12E-610809F224A0}.SingleImage|Mixed Platforms.Build.0 = Debug|x86
		{74C14F49-6FE4-4611-B12E-610809F224A0}.SingleImage|Win32.ActiveCfg = Debug|x86
		{74C14F49-6FE4-4611-B12E-610809F224A0}.SingleImage|Win32.Build.0 = Debug|x86
		{74C14F49-6FE4-4611-B12E-610809F224A0}.SingleImage|x86.ActiveCfg = Release|x86
		{74C14F49-6FE4-4611-B12E-610809F224A0}.SingleImage|x86.Build.0 = Release|x86
		{2123433D-B204-4DB8-A1FC-65CC27C301B0}.CD_ROM|Any CPU.ActiveCfg = Release|Any CPU
		{2123433D-B204-4DB8-A1FC-65CC27C301B0}.CD_ROM|Any CPU.Build.0 = Release|Any CPU
		{2123433D-B204-4DB8-A1FC-65CC27C301B0}.CD_ROM|Mixed Platforms.ActiveCfg = Debug|x86
		{2123433D-B204-4DB8-A1FC-65CC27C301B0}.CD_ROM|Mixed Platforms.Build.0 = Debug|x86
		{2123433D-B204-4DB8-A1FC-65CC27C301B0}.CD_ROM|Win32.ActiveCfg = Debug|x86
		{2123433D-B204-4DB8-A1FC-65CC27C301B0}.CD_ROM|Win32.Build.0 = Debug|x86
		{2123433D-B204-4DB8-A1FC-65CC27C301B0}.CD_ROM|x86.ActiveCfg = Release|x86
		{2123433D-B204-4DB8-A1FC-65CC27C301B0}.CD_ROM|x86.Build.0 = Release|x86
		{2123433D-B204-4DB8-A1FC-65CC27C301B0}.Debug|Any CPU.ActiveCfg = Debug|Any CPU
		{2123433D-B204-4DB8-A1FC-65CC27C301B0}.Debug|Any CPU.Build.0 = Debug|Any CPU
		{2123433D-B204-4DB8-A1FC-65CC27C301B0}.Debug|Mixed Platforms.ActiveCfg = Debug|Any CPU
		{2123433D-B204-4DB8-A1FC-65CC27C301B0}.Debug|Mixed Platforms.Build.0 = Debug|Any CPU
		{2123433D-B204-4DB8-A1FC-65CC27C301B0}.Debug|Win32.ActiveCfg = Debug|x86
		{2123433D-B204-4DB8-A1FC-65CC27C301B0}.Debug|Win32.Build.0 = Debug|x86
		{2123433D-B204-4DB8-A1FC-65CC27C301B0}.Debug|x86.ActiveCfg = Debug|x86
		{2123433D-B204-4DB8-A1FC-65CC27C301B0}.Debug|x86.Build.0 = Debug|x86
		{2123433D-B204-4DB8-A1FC-65CC27C301B0}.DVD-5|Any CPU.ActiveCfg = Debug|Any CPU
		{2123433D-B204-4DB8-A1FC-65CC27C301B0}.DVD-5|Any CPU.Build.0 = Debug|Any CPU
		{2123433D-B204-4DB8-A1FC-65CC27C301B0}.DVD-5|Mixed Platforms.ActiveCfg = Debug|x86
		{2123433D-B204-4DB8-A1FC-65CC27C301B0}.DVD-5|Mixed Platforms.Build.0 = Debug|x86
		{2123433D-B204-4DB8-A1FC-65CC27C301B0}.DVD-5|Win32.ActiveCfg = Debug|x86
		{2123433D-B204-4DB8-A1FC-65CC27C301B0}.DVD-5|Win32.Build.0 = Debug|x86
		{2123433D-B204-4DB8-A1FC-65CC27C301B0}.DVD-5|x86.ActiveCfg = Debug|x86
		{2123433D-B204-4DB8-A1FC-65CC27C301B0}.DVD-5|x86.Build.0 = Debug|x86
		{2123433D-B204-4DB8-A1FC-65CC27C301B0}.Release|Any CPU.ActiveCfg = Release|Any CPU
		{2123433D-B204-4DB8-A1FC-65CC27C301B0}.Release|Any CPU.Build.0 = Release|Any CPU
		{2123433D-B204-4DB8-A1FC-65CC27C301B0}.Release|Mixed Platforms.ActiveCfg = Release|x86
		{2123433D-B204-4DB8-A1FC-65CC27C301B0}.Release|Mixed Platforms.Build.0 = Release|x86
		{2123433D-B204-4DB8-A1FC-65CC27C301B0}.Release|Win32.ActiveCfg = Release|x86
		{2123433D-B204-4DB8-A1FC-65CC27C301B0}.Release|Win32.Build.0 = Release|x86
		{2123433D-B204-4DB8-A1FC-65CC27C301B0}.Release|x86.ActiveCfg = Release|x86
		{2123433D-B204-4DB8-A1FC-65CC27C301B0}.Release|x86.Build.0 = Release|x86
		{2123433D-B204-4DB8-A1FC-65CC27C301B0}.SingleImage|Any CPU.ActiveCfg = Release|Any CPU
		{2123433D-B204-4DB8-A1FC-65CC27C301B0}.SingleImage|Any CPU.Build.0 = Release|Any CPU
		{2123433D-B204-4DB8-A1FC-65CC27C301B0}.SingleImage|Mixed Platforms.ActiveCfg = Debug|x86
		{2123433D-B204-4DB8-A1FC-65CC27C301B0}.SingleImage|Mixed Platforms.Build.0 = Debug|x86
		{2123433D-B204-4DB8-A1FC-65CC27C301B0}.SingleImage|Win32.ActiveCfg = Debug|x86
		{2123433D-B204-4DB8-A1FC-65CC27C301B0}.SingleImage|Win32.Build.0 = Debug|x86
		{2123433D-B204-4DB8-A1FC-65CC27C301B0}.SingleImage|x86.ActiveCfg = Release|x86
		{2123433D-B204-4DB8-A1FC-65CC27C301B0}.SingleImage|x86.Build.0 = Release|x86
		{E7E66569-366B-427A-BF8E-61685E3E9927}.CD_ROM|Any CPU.ActiveCfg = Release|Any CPU
		{E7E66569-366B-427A-BF8E-61685E3E9927}.CD_ROM|Any CPU.Build.0 = Release|Any CPU
		{E7E66569-366B-427A-BF8E-61685E3E9927}.CD_ROM|Mixed Platforms.ActiveCfg = Debug|x86
		{E7E66569-366B-427A-BF8E-61685E3E9927}.CD_ROM|Mixed Platforms.Build.0 = Debug|x86
		{E7E66569-366B-427A-BF8E-61685E3E9927}.CD_ROM|Win32.ActiveCfg = Debug|x86
		{E7E66569-366B-427A-BF8E-61685E3E9927}.CD_ROM|Win32.Build.0 = Debug|x86
		{E7E66569-366B-427A-BF8E-61685E3E9927}.CD_ROM|x86.ActiveCfg = Release|x86
		{E7E66569-366B-427A-BF8E-61685E3E9927}.CD_ROM|x86.Build.0 = Release|x86
		{E7E66569-366B-427A-BF8E-61685E3E9927}.Debug|Any CPU.ActiveCfg = Debug|Any CPU
		{E7E66569-366B-427A-BF8E-61685E3E9927}.Debug|Any CPU.Build.0 = Debug|Any CPU
		{E7E66569-366B-427A-BF8E-61685E3E9927}.Debug|Mixed Platforms.ActiveCfg = Debug|Any CPU
		{E7E66569-366B-427A-BF8E-61685E3E9927}.Debug|Mixed Platforms.Build.0 = Debug|Any CPU
		{E7E66569-366B-427A-BF8E-61685E3E9927}.Debug|Win32.ActiveCfg = Debug|x86
		{E7E66569-366B-427A-BF8E-61685E3E9927}.Debug|Win32.Build.0 = Debug|x86
		{E7E66569-366B-427A-BF8E-61685E3E9927}.Debug|x86.ActiveCfg = Debug|x86
		{E7E66569-366B-427A-BF8E-61685E3E9927}.Debug|x86.Build.0 = Debug|x86
		{E7E66569-366B-427A-BF8E-61685E3E9927}.DVD-5|Any CPU.ActiveCfg = Debug|Any CPU
		{E7E66569-366B-427A-BF8E-61685E3E9927}.DVD-5|Any CPU.Build.0 = Debug|Any CPU
		{E7E66569-366B-427A-BF8E-61685E3E9927}.DVD-5|Mixed Platforms.ActiveCfg = Debug|x86
		{E7E66569-366B-427A-BF8E-61685E3E9927}.DVD-5|Mixed Platforms.Build.0 = Debug|x86
		{E7E66569-366B-427A-BF8E-61685E3E9927}.DVD-5|Win32.ActiveCfg = Debug|x86
		{E7E66569-366B-427A-BF8E-61685E3E9927}.DVD-5|Win32.Build.0 = Debug|x86
		{E7E66569-366B-427A-BF8E-61685E3E9927}.DVD-5|x86.ActiveCfg = Debug|x86
		{E7E66569-366B-427A-BF8E-61685E3E9927}.DVD-5|x86.Build.0 = Debug|x86
		{E7E66569-366B-427A-BF8E-61685E3E9927}.Release|Any CPU.ActiveCfg = Release|Any CPU
		{E7E66569-366B-427A-BF8E-61685E3E9927}.Release|Any CPU.Build.0 = Release|Any CPU
		{E7E66569-366B-427A-BF8E-61685E3E9927}.Release|Mixed Platforms.ActiveCfg = Release|x86
		{E7E66569-366B-427A-BF8E-61685E3E9927}.Release|Mixed Platforms.Build.0 = Release|x86
		{E7E66569-366B-427A-BF8E-61685E3E9927}.Release|Win32.ActiveCfg = Release|x86
		{E7E66569-366B-427A-BF8E-61685E3E9927}.Release|Win32.Build.0 = Release|x86
		{E7E66569-366B-427A-BF8E-61685E3E9927}.Release|x86.ActiveCfg = Release|x86
		{E7E66569-366B-427A-BF8E-61685E3E9927}.Release|x86.Build.0 = Release|x86
		{E7E66569-366B-427A-BF8E-61685E3E9927}.SingleImage|Any CPU.ActiveCfg = Release|Any CPU
		{E7E66569-366B-427A-BF8E-61685E3E9927}.SingleImage|Any CPU.Build.0 = Release|Any CPU
		{E7E66569-366B-427A-BF8E-61685E3E9927}.SingleImage|Mixed Platforms.ActiveCfg = Debug|x86
		{E7E66569-366B-427A-BF8E-61685E3E9927}.SingleImage|Mixed Platforms.Build.0 = Debug|x86
		{E7E66569-366B-427A-BF8E-61685E3E9927}.SingleImage|Win32.ActiveCfg = Debug|x86
		{E7E66569-366B-427A-BF8E-61685E3E9927}.SingleImage|Win32.Build.0 = Debug|x86
		{E7E66569-366B-427A-BF8E-61685E3E9927}.SingleImage|x86.ActiveCfg = Release|x86
		{E7E66569-366B-427A-BF8E-61685E3E9927}.SingleImage|x86.Build.0 = Release|x86
		{417AF2A2-8D33-48E2-A45A-118E9E317154}.CD_ROM|Any CPU.ActiveCfg = Release|Any CPU
		{417AF2A2-8D33-48E2-A45A-118E9E317154}.CD_ROM|Any CPU.Build.0 = Release|Any CPU
		{417AF2A2-8D33-48E2-A45A-118E9E317154}.CD_ROM|Mixed Platforms.ActiveCfg = Debug|Any CPU
		{417AF2A2-8D33-48E2-A45A-118E9E317154}.CD_ROM|Mixed Platforms.Build.0 = Debug|Any CPU
		{417AF2A2-8D33-48E2-A45A-118E9E317154}.CD_ROM|Win32.ActiveCfg = Debug|Any CPU
		{417AF2A2-8D33-48E2-A45A-118E9E317154}.CD_ROM|x86.ActiveCfg = Release|Any CPU
		{417AF2A2-8D33-48E2-A45A-118E9E317154}.Debug|Any CPU.ActiveCfg = Debug|Any CPU
		{417AF2A2-8D33-48E2-A45A-118E9E317154}.Debug|Mixed Platforms.ActiveCfg = Debug|Any CPU
		{417AF2A2-8D33-48E2-A45A-118E9E317154}.Debug|Mixed Platforms.Build.0 = Debug|Any CPU
		{417AF2A2-8D33-48E2-A45A-118E9E317154}.Debug|Win32.ActiveCfg = Debug|Any CPU
		{417AF2A2-8D33-48E2-A45A-118E9E317154}.Debug|x86.ActiveCfg = Debug|Any CPU
		{417AF2A2-8D33-48E2-A45A-118E9E317154}.DVD-5|Any CPU.ActiveCfg = Debug|Any CPU
		{417AF2A2-8D33-48E2-A45A-118E9E317154}.DVD-5|Any CPU.Build.0 = Debug|Any CPU
		{417AF2A2-8D33-48E2-A45A-118E9E317154}.DVD-5|Mixed Platforms.ActiveCfg = Debug|Any CPU
		{417AF2A2-8D33-48E2-A45A-118E9E317154}.DVD-5|Mixed Platforms.Build.0 = Debug|Any CPU
		{417AF2A2-8D33-48E2-A45A-118E9E317154}.DVD-5|Win32.ActiveCfg = Debug|Any CPU
		{417AF2A2-8D33-48E2-A45A-118E9E317154}.DVD-5|x86.ActiveCfg = Debug|Any CPU
		{417AF2A2-8D33-48E2-A45A-118E9E317154}.Release|Any CPU.ActiveCfg = Release|Any CPU
		{417AF2A2-8D33-48E2-A45A-118E9E317154}.Release|Mixed Platforms.ActiveCfg = Release|Any CPU
		{417AF2A2-8D33-48E2-A45A-118E9E317154}.Release|Mixed Platforms.Build.0 = Release|Any CPU
		{417AF2A2-8D33-48E2-A45A-118E9E317154}.Release|Win32.ActiveCfg = Release|Any CPU
		{417AF2A2-8D33-48E2-A45A-118E9E317154}.Release|x86.ActiveCfg = Release|Any CPU
		{417AF2A2-8D33-48E2-A45A-118E9E317154}.SingleImage|Any CPU.ActiveCfg = Release|Any CPU
		{417AF2A2-8D33-48E2-A45A-118E9E317154}.SingleImage|Any CPU.Build.0 = Release|Any CPU
		{417AF2A2-8D33-48E2-A45A-118E9E317154}.SingleImage|Mixed Platforms.ActiveCfg = Debug|Any CPU
		{417AF2A2-8D33-48E2-A45A-118E9E317154}.SingleImage|Mixed Platforms.Build.0 = Debug|Any CPU
		{417AF2A2-8D33-48E2-A45A-118E9E317154}.SingleImage|Win32.ActiveCfg = Debug|Any CPU
		{417AF2A2-8D33-48E2-A45A-118E9E317154}.SingleImage|x86.ActiveCfg = Release|Any CPU
	EndGlobalSection
	GlobalSection(SolutionProperties) = preSolution
		HideSolutionNode = FALSE
	EndGlobalSection
	GlobalSection(NestedProjects) = preSolution
		{2123433D-B204-4DB8-A1FC-65CC27C301B0} = {2C1FEB87-4FE4-465F-8A3A-AD104E469C4F}
		{417AF2A2-8D33-48E2-A45A-118E9E317154} = {2C1FEB87-4FE4-465F-8A3A-AD104E469C4F}
	EndGlobalSection
EndGlobal
